{
  "pins" : [
    {
      "identity" : "kmp-nativecoroutines",
      "kind" : "remoteSourceControl",
      "location" : "https://github.com/rickclephas/KMP-NativeCoroutines.git",
      "state" : {
        "revision" : "0422c69cbdcccacc01160c60751cf4944eb2314b",
        "version" : "1.0.0-ALPHA-6-spm-async"
      }
    }
  ],
  "version" : 2
}
